
Microsoft Visual Studio Solution File, Format Version 12.00
# Visual Studio Version 16
VisualStudioVersion = 16.0.29613.14
MinimumVisualStudioVersion = 15.0.26124.0
Project("{2150E333-8FDC-42A3-9474-1A3956D46DE8}") = "src", "src", "{97C9931A-FB25-4EBE-BC9D-6C8D38350322}"
EndProject
Project("{9A19103F-16F7-4668-BE54-9A1E7A4F7556}") = "GraphQL.API", "src\GraphQL.API\GraphQL.API.csproj", "{F2F0F70D-159C-4178-86C7-235E423C0CE7}"
EndProject
Global
	GlobalSection(SolutionConfigurationPlatforms) = preSolution
		Debug|Any CPU = Debug|Any CPU
		Debug|x64 = Debug|x64
		Debug|x86 = Debug|x86
		Release|Any CPU = Release|Any CPU
		Release|x64 = Release|x64
		Release|x86 = Release|x86
	EndGlobalSection
	GlobalSection(ProjectConfigurationPlatforms) = postSolution
		{F2F0F70D-159C-4178-86C7-235E423C0CE7}.Debug|Any CPU.ActiveCfg = Debug|Any CPU
		{F2F0F70D-159C-4178-86C7-235E423C0CE7}.Debug|Any CPU.Build.0 = Debug|Any CPU
		{F2F0F70D-159C-4178-86C7-235E423C0CE7}.Debug|x64.ActiveCfg = Debug|Any CPU
		{F2F0F70D-159C-4178-86C7-235E423C0CE7}.Debug|x64.Build.0 = Debug|Any CPU
		{F2F0F70D-159C-4178-86C7-235E423C0CE7}.Debug|x86.ActiveCfg = Debug|Any CPU
		{F2F0F70D-159C-4178-86C7-235E423C0CE7}.Debug|x86.Build.0 = Debug|Any CPU
		{F2F0F70D-159C-4178-86C7-235E423C0CE7}.Release|Any CPU.ActiveCfg = Release|Any CPU
		{F2F0F70D-159C-4178-86C7-235E423C0CE7}.Release|Any CPU.Build.0 = Release|Any CPU
		{F2F0F70D-159C-4178-86C7-235E423C0CE7}.Release|x64.ActiveCfg = Release|Any CPU
		{F2F0F70D-159C-4178-86C7-235E423C0CE7}.Release|x64.Build.0 = Release|Any CPU
		{F2F0F70D-159C-4178-86C7-235E423C0CE7}.Release|x86.ActiveCfg = Release|Any CPU
		{F2F0F70D-159C-4178-86C7-235E423C0CE7}.Release|x86.Build.0 = Release|Any CPU
	EndGlobalSection
	GlobalSection(SolutionProperties) = preSolution
		HideSolutionNode = FALSE
	EndGlobalSection
	GlobalSection(NestedProjects) = preSolution
		{F2F0F70D-159C-4178-86C7-235E423C0CE7} = {97C9931A-FB25-4EBE-BC9D-6C8D38350322}
	EndGlobalSection
	GlobalSection(ExtensibilityGlobals) = postSolution
		SolutionGuid = {1B31F252-7406-4644-9041-E6F4E446F362}
	EndGlobalSection
EndGlobal
